{
  "nodes": {
    "nixpkgs": {
      "locked": {
        "lastModified": 1610749131,
        "narHash": "sha256-B+ZtXdVTkbWb7xUmFRuDjrdtcWiCWKCE3nlFVNdvwRE=",
        "path": "/nix/store/p99m0i0vvi9vb2rlm08myj7rhp0jds9d-source",
        "rev": "b3616bd96400ce0252c241d76fcafb64389defc6",
        "type": "path"
      },
      "original": {
        "id": "nixpkgs",
        "type": "indirect"
      }
    },
    "root": {
      "inputs": {
        "nixpkgs": "nixpkgs"
      }
    }
  },
  "root": "root",
  "version": 7
}
